
Microsoft Visual Studio Solution File, Format Version 12.00
Project("{FAE04EC0-301F-11D3-BF4B-00C04F79EFBC}") = "StreamKit.Api", "src\StreamKit.Api\StreamKit.Api.csproj", "{B30B4253-0033-4097-AEE0-9C94490B7334}"
EndProject
Project("{2150E333-8FDC-42A3-9474-1A3956D46DE8}") = "Resources", "Resources", "{65A65B2D-643B-42F3-99FB-2C35477A100E}"
	ProjectSection(SolutionItems) = preProject
		Directory.Build.props = Directory.Build.props
		Directory.Build.targets = Directory.Build.targets
	EndProjectSection
EndProject
Project("{FAE04EC0-301F-11D3-BF4B-00C04F79EFBC}") = "StreamKit.Mod", "src\StreamKit.Mod\StreamKit.Mod.csproj", "{9E54D4FA-BDFE-4853-90CD-268A269B2419}"
EndProject
Project("{FAE04EC0-301F-11D3-BF4B-00C04F79EFBC}") = "StreamKit.Async.Wrappers", "src\StreamKit.Async.Wrappers\StreamKit.Async.Wrappers.csproj", "{81B15AE8-CFF8-4CD3-B087-F9F9A6D6F486}"
EndProject
Project("{FAE04EC0-301F-11D3-BF4B-00C04F79EFBC}") = "StreamKit.Data.Abstractions", "src\StreamKit.Data.Abstractions\StreamKit.Data.Abstractions.csproj", "{9C72D742-EF69-4464-A789-C02146CEA5F6}"
EndProject
Project("{FAE04EC0-301F-11D3-BF4B-00C04F79EFBC}") = "StreamKit.Bootstrap", "src\StreamKit.Bootstrap\StreamKit.Bootstrap.csproj", "{17378363-0454-48EC-B5AE-72E9D542F7E8}"
EndProject
Project("{FAE04EC0-301F-11D3-BF4B-00C04F79EFBC}") = "StreamKit.Data.Products", "src\StreamKit.Data.Products\StreamKit.Data.Products.csproj", "{81DC137C-8615-4F18-90B8-7C972DA21DC9}"
EndProject
Project("{FAE04EC0-301F-11D3-BF4B-00C04F79EFBC}") = "StreamKit.Async.Incidents", "src\StreamKit.Async.Incidents\StreamKit.Async.Incidents.csproj", "{576997DC-38D9-422F-A21A-940B1501252A}"
EndProject
Global
	GlobalSection(SolutionConfigurationPlatforms) = preSolution
		Debug|Any CPU = Debug|Any CPU
		Release|Any CPU = Release|Any CPU
	EndGlobalSection
	GlobalSection(ProjectConfigurationPlatforms) = postSolution
		{B30B4253-0033-4097-AEE0-9C94490B7334}.Debug|Any CPU.ActiveCfg = Debug|Any CPU
		{B30B4253-0033-4097-AEE0-9C94490B7334}.Debug|Any CPU.Build.0 = Debug|Any CPU
		{B30B4253-0033-4097-AEE0-9C94490B7334}.Release|Any CPU.ActiveCfg = Release|Any CPU
		{B30B4253-0033-4097-AEE0-9C94490B7334}.Release|Any CPU.Build.0 = Release|Any CPU
		{9E54D4FA-BDFE-4853-90CD-268A269B2419}.Debug|Any CPU.ActiveCfg = Debug|Any CPU
		{9E54D4FA-BDFE-4853-90CD-268A269B2419}.Debug|Any CPU.Build.0 = Debug|Any CPU
		{9E54D4FA-BDFE-4853-90CD-268A269B2419}.Release|Any CPU.ActiveCfg = Release|Any CPU
		{9E54D4FA-BDFE-4853-90CD-268A269B2419}.Release|Any CPU.Build.0 = Release|Any CPU
		{81B15AE8-CFF8-4CD3-B087-F9F9A6D6F486}.Debug|Any CPU.ActiveCfg = Debug|Any CPU
		{81B15AE8-CFF8-4CD3-B087-F9F9A6D6F486}.Debug|Any CPU.Build.0 = Debug|Any CPU
		{81B15AE8-CFF8-4CD3-B087-F9F9A6D6F486}.Release|Any CPU.ActiveCfg = Release|Any CPU
		{81B15AE8-CFF8-4CD3-B087-F9F9A6D6F486}.Release|Any CPU.Build.0 = Release|Any CPU
		{9C72D742-EF69-4464-A789-C02146CEA5F6}.Debug|Any CPU.ActiveCfg = Debug|Any CPU
		{9C72D742-EF69-4464-A789-C02146CEA5F6}.Debug|Any CPU.Build.0 = Debug|Any CPU
		{9C72D742-EF69-4464-A789-C02146CEA5F6}.Release|Any CPU.ActiveCfg = Release|Any CPU
		{9C72D742-EF69-4464-A789-C02146CEA5F6}.Release|Any CPU.Build.0 = Release|Any CPU
		{17378363-0454-48EC-B5AE-72E9D542F7E8}.Debug|Any CPU.ActiveCfg = Debug|Any CPU
		{17378363-0454-48EC-B5AE-72E9D542F7E8}.Debug|Any CPU.Build.0 = Debug|Any CPU
		{17378363-0454-48EC-B5AE-72E9D542F7E8}.Release|Any CPU.ActiveCfg = Release|Any CPU
		{17378363-0454-48EC-B5AE-72E9D542F7E8}.Release|Any CPU.Build.0 = Release|Any CPU
		{81DC137C-8615-4F18-90B8-7C972DA21DC9}.Debug|Any CPU.ActiveCfg = Debug|Any CPU
		{81DC137C-8615-4F18-90B8-7C972DA21DC9}.Debug|Any CPU.Build.0 = Debug|Any CPU
		{81DC137C-8615-4F18-90B8-7C972DA21DC9}.Release|Any CPU.ActiveCfg = Release|Any CPU
		{81DC137C-8615-4F18-90B8-7C972DA21DC9}.Release|Any CPU.Build.0 = Release|Any CPU
		{576997DC-38D9-422F-A21A-940B1501252A}.Debug|Any CPU.ActiveCfg = Debug|Any CPU
		{576997DC-38D9-422F-A21A-940B1501252A}.Debug|Any CPU.Build.0 = Debug|Any CPU
		{576997DC-38D9-422F-A21A-940B1501252A}.Release|Any CPU.ActiveCfg = Release|Any CPU
		{576997DC-38D9-422F-A21A-940B1501252A}.Release|Any CPU.Build.0 = Release|Any CPU
	EndGlobalSection
EndGlobal
