
Microsoft Visual Studio Solution File, Format Version 12.00
Project("{FAE04EC0-301F-11D3-BF4B-00C04F79EFBC}") = "StreamKit.Mod.Api", "src\StreamKit.Mod.Api\StreamKit.Mod.Api.csproj", "{B30B4253-0033-4097-AEE0-9C94490B7334}"
EndProject
Project("{2150E333-8FDC-42A3-9474-1A3956D46DE8}") = "Mod", "Mod", "{2939AC05-D062-44EC-BF3D-8E8C7EA42988}"
	ProjectSection(SolutionItems) = preProject
		Corpus.xml = Corpus.xml
	EndProjectSection
EndProject
Project("{FAE04EC0-301F-11D3-BF4B-00C04F79EFBC}") = "StreamKit.Communication", "src\StreamKit.Communication\StreamKit.Communication.csproj", "{5398E72E-BDDB-490F-82DF-4467510BCD4C}"
EndProject
Project("{2150E333-8FDC-42A3-9474-1A3956D46DE8}") = "Resources", "Resources", "{A4C57B44-BE2C-433F-9B46-7A7563A6C1AC}"
	ProjectSection(SolutionItems) = preProject
		Directory.Build.props = Directory.Build.props
		Directory.Build.targets = Directory.Build.targets
		Directory.Packages.props = Directory.Packages.props
	EndProjectSection
EndProject
Project("{FAE04EC0-301F-11D3-BF4B-00C04F79EFBC}") = "StreamKit.WebApp", "src\StreamKit.WebApp\StreamKit.WebApp.csproj", "{8F70ABA4-BF82-4D8A-A9E9-CCB7CB143BD5}"
EndProject
Project("{FAE04EC0-301F-11D3-BF4B-00C04F79EFBC}") = "StreamKit.Mod.Core", "src\StreamKit.Mod.Core\StreamKit.Mod.Core.csproj", "{1BD48FAF-5AE2-4EB9-8AAF-77593763D7DB}"
EndProject
Project("{FAE04EC0-301F-11D3-BF4B-00C04F79EFBC}") = "StreamKit.Plugins.Twitch", "src\StreamKit.Plugins.Twitch\StreamKit.Plugins.Twitch.csproj", "{23E1A142-9E83-4E21-80F8-7F7B4B48E09D}"
EndProject
Project("{FAE04EC0-301F-11D3-BF4B-00C04F79EFBC}") = "StreamKit.Mod.Shared.Resources", "src\StreamKit.Mod.Shared.Resources\StreamKit.Mod.Shared.Resources.csproj", "{D6C1858B-1FAC-4D46-B161-8B094A0A04F6}"
EndProject
Project("{FAE04EC0-301F-11D3-BF4B-00C04F79EFBC}") = "StreamKit.Mod.Bootstrap", "src\StreamKit.Mod.Bootstrap\StreamKit.Mod.Bootstrap.csproj", "{32C0E2A7-2331-4501-A345-653DC8288BA0}"
EndProject
Project("{FAE04EC0-301F-11D3-BF4B-00C04F79EFBC}") = "StreamKit.Mod.Api.Async", "src\StreamKit.Mod.Api.Async\StreamKit.Mod.Api.Async.csproj", "{F2DBFC6F-9A9A-49EE-ACE6-9D214DD8B14F}"
EndProject
Project("{FAE04EC0-301F-11D3-BF4B-00C04F79EFBC}") = "StreamKit.Mod.Shared", "src\StreamKit.Mod.Shared\StreamKit.Mod.Shared.csproj", "{BB8A69DF-26BD-4721-8E7F-373EEF123BE6}"
EndProject
Project("{FAE04EC0-301F-11D3-BF4B-00C04F79EFBC}") = "StreamKit.Mod", "src\StreamKit.Mod\StreamKit.Mod.csproj", "{DFAB1491-BFCC-41EE-8AD4-017211AF180A}"
EndProject
Project("{FAE04EC0-301F-11D3-BF4B-00C04F79EFBC}") = "StreamKit.Shared", "src\StreamKit.Shared\StreamKit.Shared.csproj", "{CD998A5C-350C-4CEB-B583-F19F09BB3146}"
EndProject
Project("{2150E333-8FDC-42A3-9474-1A3956D46DE8}") = "Plugins", "Plugins", "{4A829331-8584-476F-940B-DE0770512CF4}"
EndProject
Project("{FAE04EC0-301F-11D3-BF4B-00C04F79EFBC}") = "StreamKit.UX", "src\StreamKit.UX\StreamKit.UX.csproj", "{35543D55-124C-4E6B-9464-F33AEDCB8F4C}"
EndProject
Global
	GlobalSection(SolutionConfigurationPlatforms) = preSolution
		Debug|Any CPU = Debug|Any CPU
		Release|Any CPU = Release|Any CPU
	EndGlobalSection
	GlobalSection(ProjectConfigurationPlatforms) = postSolution
		{B30B4253-0033-4097-AEE0-9C94490B7334}.Debug|Any CPU.ActiveCfg = Debug|Any CPU
		{B30B4253-0033-4097-AEE0-9C94490B7334}.Debug|Any CPU.Build.0 = Debug|Any CPU
		{B30B4253-0033-4097-AEE0-9C94490B7334}.Release|Any CPU.ActiveCfg = Release|Any CPU
		{B30B4253-0033-4097-AEE0-9C94490B7334}.Release|Any CPU.Build.0 = Release|Any CPU
		{5398E72E-BDDB-490F-82DF-4467510BCD4C}.Debug|Any CPU.ActiveCfg = Debug|Any CPU
		{5398E72E-BDDB-490F-82DF-4467510BCD4C}.Debug|Any CPU.Build.0 = Debug|Any CPU
		{5398E72E-BDDB-490F-82DF-4467510BCD4C}.Release|Any CPU.ActiveCfg = Release|Any CPU
		{5398E72E-BDDB-490F-82DF-4467510BCD4C}.Release|Any CPU.Build.0 = Release|Any CPU
		{8F70ABA4-BF82-4D8A-A9E9-CCB7CB143BD5}.Debug|Any CPU.ActiveCfg = Debug|Any CPU
		{8F70ABA4-BF82-4D8A-A9E9-CCB7CB143BD5}.Debug|Any CPU.Build.0 = Debug|Any CPU
		{8F70ABA4-BF82-4D8A-A9E9-CCB7CB143BD5}.Release|Any CPU.ActiveCfg = Release|Any CPU
		{8F70ABA4-BF82-4D8A-A9E9-CCB7CB143BD5}.Release|Any CPU.Build.0 = Release|Any CPU
		{1BD48FAF-5AE2-4EB9-8AAF-77593763D7DB}.Debug|Any CPU.ActiveCfg = Debug|Any CPU
		{1BD48FAF-5AE2-4EB9-8AAF-77593763D7DB}.Debug|Any CPU.Build.0 = Debug|Any CPU
		{1BD48FAF-5AE2-4EB9-8AAF-77593763D7DB}.Release|Any CPU.ActiveCfg = Release|Any CPU
		{1BD48FAF-5AE2-4EB9-8AAF-77593763D7DB}.Release|Any CPU.Build.0 = Release|Any CPU
		{23E1A142-9E83-4E21-80F8-7F7B4B48E09D}.Debug|Any CPU.ActiveCfg = Debug|Any CPU
		{23E1A142-9E83-4E21-80F8-7F7B4B48E09D}.Debug|Any CPU.Build.0 = Debug|Any CPU
		{23E1A142-9E83-4E21-80F8-7F7B4B48E09D}.Release|Any CPU.ActiveCfg = Release|Any CPU
		{23E1A142-9E83-4E21-80F8-7F7B4B48E09D}.Release|Any CPU.Build.0 = Release|Any CPU
		{D6C1858B-1FAC-4D46-B161-8B094A0A04F6}.Debug|Any CPU.ActiveCfg = Debug|Any CPU
		{D6C1858B-1FAC-4D46-B161-8B094A0A04F6}.Debug|Any CPU.Build.0 = Debug|Any CPU
		{D6C1858B-1FAC-4D46-B161-8B094A0A04F6}.Release|Any CPU.ActiveCfg = Release|Any CPU
		{D6C1858B-1FAC-4D46-B161-8B094A0A04F6}.Release|Any CPU.Build.0 = Release|Any CPU
		{32C0E2A7-2331-4501-A345-653DC8288BA0}.Debug|Any CPU.ActiveCfg = Debug|Any CPU
		{32C0E2A7-2331-4501-A345-653DC8288BA0}.Debug|Any CPU.Build.0 = Debug|Any CPU
		{32C0E2A7-2331-4501-A345-653DC8288BA0}.Release|Any CPU.ActiveCfg = Release|Any CPU
		{32C0E2A7-2331-4501-A345-653DC8288BA0}.Release|Any CPU.Build.0 = Release|Any CPU
		{F2DBFC6F-9A9A-49EE-ACE6-9D214DD8B14F}.Debug|Any CPU.ActiveCfg = Debug|Any CPU
		{F2DBFC6F-9A9A-49EE-ACE6-9D214DD8B14F}.Debug|Any CPU.Build.0 = Debug|Any CPU
		{F2DBFC6F-9A9A-49EE-ACE6-9D214DD8B14F}.Release|Any CPU.ActiveCfg = Release|Any CPU
		{F2DBFC6F-9A9A-49EE-ACE6-9D214DD8B14F}.Release|Any CPU.Build.0 = Release|Any CPU
		{BB8A69DF-26BD-4721-8E7F-373EEF123BE6}.Debug|Any CPU.ActiveCfg = Debug|Any CPU
		{BB8A69DF-26BD-4721-8E7F-373EEF123BE6}.Debug|Any CPU.Build.0 = Debug|Any CPU
		{BB8A69DF-26BD-4721-8E7F-373EEF123BE6}.Release|Any CPU.ActiveCfg = Release|Any CPU
		{BB8A69DF-26BD-4721-8E7F-373EEF123BE6}.Release|Any CPU.Build.0 = Release|Any CPU
		{DFAB1491-BFCC-41EE-8AD4-017211AF180A}.Debug|Any CPU.ActiveCfg = Debug|Any CPU
		{DFAB1491-BFCC-41EE-8AD4-017211AF180A}.Debug|Any CPU.Build.0 = Debug|Any CPU
		{DFAB1491-BFCC-41EE-8AD4-017211AF180A}.Release|Any CPU.ActiveCfg = Release|Any CPU
		{DFAB1491-BFCC-41EE-8AD4-017211AF180A}.Release|Any CPU.Build.0 = Release|Any CPU
		{CD998A5C-350C-4CEB-B583-F19F09BB3146}.Debug|Any CPU.ActiveCfg = Debug|Any CPU
		{CD998A5C-350C-4CEB-B583-F19F09BB3146}.Debug|Any CPU.Build.0 = Debug|Any CPU
		{CD998A5C-350C-4CEB-B583-F19F09BB3146}.Release|Any CPU.ActiveCfg = Release|Any CPU
		{CD998A5C-350C-4CEB-B583-F19F09BB3146}.Release|Any CPU.Build.0 = Release|Any CPU
		{35543D55-124C-4E6B-9464-F33AEDCB8F4C}.Debug|Any CPU.ActiveCfg = Debug|Any CPU
		{35543D55-124C-4E6B-9464-F33AEDCB8F4C}.Debug|Any CPU.Build.0 = Debug|Any CPU
		{35543D55-124C-4E6B-9464-F33AEDCB8F4C}.Release|Any CPU.ActiveCfg = Release|Any CPU
		{35543D55-124C-4E6B-9464-F33AEDCB8F4C}.Release|Any CPU.Build.0 = Release|Any CPU
	EndGlobalSection
	GlobalSection(NestedProjects) = preSolution
		{B30B4253-0033-4097-AEE0-9C94490B7334} = {2939AC05-D062-44EC-BF3D-8E8C7EA42988}
		{1BD48FAF-5AE2-4EB9-8AAF-77593763D7DB} = {2939AC05-D062-44EC-BF3D-8E8C7EA42988}
		{D6C1858B-1FAC-4D46-B161-8B094A0A04F6} = {2939AC05-D062-44EC-BF3D-8E8C7EA42988}
		{F2DBFC6F-9A9A-49EE-ACE6-9D214DD8B14F} = {2939AC05-D062-44EC-BF3D-8E8C7EA42988}
		{32C0E2A7-2331-4501-A345-653DC8288BA0} = {2939AC05-D062-44EC-BF3D-8E8C7EA42988}
		{BB8A69DF-26BD-4721-8E7F-373EEF123BE6} = {2939AC05-D062-44EC-BF3D-8E8C7EA42988}
		{23E1A142-9E83-4E21-80F8-7F7B4B48E09D} = {4A829331-8584-476F-940B-DE0770512CF4}
	EndGlobalSection
EndGlobal
